
Microsoft Visual Studio Solution File, Format Version 12.00
# Visual Studio 14
VisualStudioVersion = 14.0.25420.1
MinimumVisualStudioVersion = 10.0.40219.1
Project("{FAE04EC0-301F-11D3-BF4B-00C04F79EFBC}") = "JohnCena.MSet", "JohnCena.MSet\JohnCena.MSet.csproj", "{26ADFAEA-0487-4EDD-B873-4520F9D0A4E1}"
EndProject
Project("{2150E333-8FDC-42A3-9474-1A3956D46DE8}") = "Solution Items", "Solution Items", "{A4B4AF73-AF20-4F9E-8C59-E1EF2564E14C}"
	ProjectSection(SolutionItems) = preProject
		LICENSE.TXT = LICENSE.TXT
		NOTICE.TXT = NOTICE.TXT
		README.md = README.md
		README.TXT = README.TXT
	EndProjectSection
EndProject
Global
	GlobalSection(SolutionConfigurationPlatforms) = preSolution
		Debug|Any CPU = Debug|Any CPU
		Release|Any CPU = Release|Any CPU
	EndGlobalSection
	GlobalSection(ProjectConfigurationPlatforms) = postSolution
		{26ADFAEA-0487-4EDD-B873-4520F9D0A4E1}.Debug|Any CPU.ActiveCfg = Debug|Any CPU
		{26ADFAEA-0487-4EDD-B873-4520F9D0A4E1}.Debug|Any CPU.Build.0 = Debug|Any CPU
		{26ADFAEA-0487-4EDD-B873-4520F9D0A4E1}.Release|Any CPU.ActiveCfg = Release|Any CPU
		{26ADFAEA-0487-4EDD-B873-4520F9D0A4E1}.Release|Any CPU.Build.0 = Release|Any CPU
	EndGlobalSection
	GlobalSection(SolutionProperties) = preSolution
		HideSolutionNode = FALSE
	EndGlobalSection
EndGlobal
